// !$*UTF8*$!
{
	archiveVersion = 1;
	classes = {
	};
	objectVersion = 56;
	objects = {

/* Begin PBXBuildFile section */
		18B62F8B2B6BBCB600DE67B0 /* SnapKit in Frameworks */ = {isa = PBXBuildFile; productRef = 18B62F8A2B6BBCB600DE67B0 /* SnapKit */; };
		18B6EB5C2B6A5B6000F62458 /* APIHandler.swift in Sources */ = {isa = PBXBuildFile; fileRef = 18B6EB5B2B6A5B6000F62458 /* APIHandler.swift */; };
		18B7939C2B73626100BBD62C /* FormRenderable.swift in Sources */ = {isa = PBXBuildFile; fileRef = 18B7939B2B73626100BBD62C /* FormRenderable.swift */; };
		18B7939E2B736E2B00BBD62C /* TextFormView.swift in Sources */ = {isa = PBXBuildFile; fileRef = 18B7939D2B736E2B00BBD62C /* TextFormView.swift */; };
		18B793A02B737EA500BBD62C /* RadioWithInputFormView.swift in Sources */ = {isa = PBXBuildFile; fileRef = 18B7939F2B737EA500BBD62C /* RadioWithInputFormView.swift */; };
		18B793A42B73828D00BBD62C /* RadioView.swift in Sources */ = {isa = PBXBuildFile; fileRef = 18B793A32B73828D00BBD62C /* RadioView.swift */; };
		18B793A62B739B0400BBD62C /* RadioWithInputView.swift in Sources */ = {isa = PBXBuildFile; fileRef = 18B793A52B739B0400BBD62C /* RadioWithInputView.swift */; };
		18B793A82B73A07A00BBD62C /* RadioFormView.swift in Sources */ = {isa = PBXBuildFile; fileRef = 18B793A72B73A07A00BBD62C /* RadioFormView.swift */; };
		18B94DAB2B6CBA3A00EEDCF6 /* QuestionViewController.swift in Sources */ = {isa = PBXBuildFile; fileRef = 18B94DAA2B6CBA3A00EEDCF6 /* QuestionViewController.swift */; };
		18B9F91B2B76B2A300D67073 /* FormManager.swift in Sources */ = {isa = PBXBuildFile; fileRef = 18B9F91A2B76B2A300D67073 /* FormManager.swift */; };
		18B9F91D2B76B7EB00D67073 /* FormCheckable.swift in Sources */ = {isa = PBXBuildFile; fileRef = 18B9F91C2B76B7EB00D67073 /* FormCheckable.swift */; };
		18B9F91F2B76C84500D67073 /* RadioNumberFomrView.swift in Sources */ = {isa = PBXBuildFile; fileRef = 18B9F91E2B76C84500D67073 /* RadioNumberFomrView.swift */; };
		18B9F9212B76D5B700D67073 /* SubmitSubveyFormView.swift in Sources */ = {isa = PBXBuildFile; fileRef = 18B9F9202B76D5B700D67073 /* SubmitSubveyFormView.swift */; };
		18C84A172B74C56E00143095 /* QuestionViewModel.swift in Sources */ = {isa = PBXBuildFile; fileRef = 18C84A162B74C56E00143095 /* QuestionViewModel.swift */; };
		18C84A192B74F27900143095 /* NumberFormView.swift in Sources */ = {isa = PBXBuildFile; fileRef = 18C84A182B74F27900143095 /* NumberFormView.swift */; };
		18C84A1C2B75027500143095 /* Subvey.swift in Sources */ = {isa = PBXBuildFile; fileRef = 18C84A1B2B75027500143095 /* Subvey.swift */; };
		18C84A1E2B75028E00143095 /* Answer.swift in Sources */ = {isa = PBXBuildFile; fileRef = 18C84A1D2B75028E00143095 /* Answer.swift */; };
		18D327F52B721EAA0095823E /* QuestionView.swift in Sources */ = {isa = PBXBuildFile; fileRef = 18D327F42B721EAA0095823E /* QuestionView.swift */; };
		18D56EFE2B69234400B19F24 /* AppDelegate.swift in Sources */ = {isa = PBXBuildFile; fileRef = 18D56EFD2B69234400B19F24 /* AppDelegate.swift */; };
		18D56F002B69234400B19F24 /* SceneDelegate.swift in Sources */ = {isa = PBXBuildFile; fileRef = 18D56EFF2B69234400B19F24 /* SceneDelegate.swift */; };
		18D56F022B69234400B19F24 /* ViewController.swift in Sources */ = {isa = PBXBuildFile; fileRef = 18D56F012B69234400B19F24 /* ViewController.swift */; };
		18D56F072B69234600B19F24 /* Assets.xcassets in Resources */ = {isa = PBXBuildFile; fileRef = 18D56F062B69234600B19F24 /* Assets.xcassets */; };
		18D56F0A2B69234600B19F24 /* LaunchScreen.storyboard in Resources */ = {isa = PBXBuildFile; fileRef = 18D56F082B69234600B19F24 /* LaunchScreen.storyboard */; };
/* End PBXBuildFile section */

/* Begin PBXFileReference section */
		18B6EB5B2B6A5B6000F62458 /* APIHandler.swift */ = {isa = PBXFileReference; lastKnownFileType = sourcecode.swift; path = APIHandler.swift; sourceTree = "<group>"; };
		18B7939B2B73626100BBD62C /* FormRenderable.swift */ = {isa = PBXFileReference; lastKnownFileType = sourcecode.swift; path = FormRenderable.swift; sourceTree = "<group>"; };
		18B7939D2B736E2B00BBD62C /* TextFormView.swift */ = {isa = PBXFileReference; lastKnownFileType = sourcecode.swift; path = TextFormView.swift; sourceTree = "<group>"; };
		18B7939F2B737EA500BBD62C /* RadioWithInputFormView.swift */ = {isa = PBXFileReference; lastKnownFileType = sourcecode.swift; path = RadioWithInputFormView.swift; sourceTree = "<group>"; };
		18B793A32B73828D00BBD62C /* RadioView.swift */ = {isa = PBXFileReference; lastKnownFileType = sourcecode.swift; path = RadioView.swift; sourceTree = "<group>"; };
		18B793A52B739B0400BBD62C /* RadioWithInputView.swift */ = {isa = PBXFileReference; lastKnownFileType = sourcecode.swift; path = RadioWithInputView.swift; sourceTree = "<group>"; };
		18B793A72B73A07A00BBD62C /* RadioFormView.swift */ = {isa = PBXFileReference; lastKnownFileType = sourcecode.swift; path = RadioFormView.swift; sourceTree = "<group>"; };
		18B94DAA2B6CBA3A00EEDCF6 /* QuestionViewController.swift */ = {isa = PBXFileReference; lastKnownFileType = sourcecode.swift; path = QuestionViewController.swift; sourceTree = "<group>"; };
		18B9F91A2B76B2A300D67073 /* FormManager.swift */ = {isa = PBXFileReference; lastKnownFileType = sourcecode.swift; path = FormManager.swift; sourceTree = "<group>"; };
		18B9F91C2B76B7EB00D67073 /* FormCheckable.swift */ = {isa = PBXFileReference; lastKnownFileType = sourcecode.swift; path = FormCheckable.swift; sourceTree = "<group>"; };
		18B9F91E2B76C84500D67073 /* RadioNumberFomrView.swift */ = {isa = PBXFileReference; lastKnownFileType = sourcecode.swift; path = RadioNumberFomrView.swift; sourceTree = "<group>"; };
		18B9F9202B76D5B700D67073 /* SubmitSubveyFormView.swift */ = {isa = PBXFileReference; lastKnownFileType = sourcecode.swift; path = SubmitSubveyFormView.swift; sourceTree = "<group>"; };
		18C84A162B74C56E00143095 /* QuestionViewModel.swift */ = {isa = PBXFileReference; lastKnownFileType = sourcecode.swift; path = QuestionViewModel.swift; sourceTree = "<group>"; };
		18C84A182B74F27900143095 /* NumberFormView.swift */ = {isa = PBXFileReference; lastKnownFileType = sourcecode.swift; path = NumberFormView.swift; sourceTree = "<group>"; };
		18C84A1B2B75027500143095 /* Subvey.swift */ = {isa = PBXFileReference; lastKnownFileType = sourcecode.swift; path = Subvey.swift; sourceTree = "<group>"; };
		18C84A1D2B75028E00143095 /* Answer.swift */ = {isa = PBXFileReference; lastKnownFileType = sourcecode.swift; path = Answer.swift; sourceTree = "<group>"; };
		18D327F42B721EAA0095823E /* QuestionView.swift */ = {isa = PBXFileReference; lastKnownFileType = sourcecode.swift; path = QuestionView.swift; sourceTree = "<group>"; };
		18D56EFA2B69234400B19F24 /* Subvey_Mission.app */ = {isa = PBXFileReference; explicitFileType = wrapper.application; includeInIndex = 0; path = Subvey_Mission.app; sourceTree = BUILT_PRODUCTS_DIR; };
		18D56EFD2B69234400B19F24 /* AppDelegate.swift */ = {isa = PBXFileReference; lastKnownFileType = sourcecode.swift; path = AppDelegate.swift; sourceTree = "<group>"; };
		18D56EFF2B69234400B19F24 /* SceneDelegate.swift */ = {isa = PBXFileReference; lastKnownFileType = sourcecode.swift; path = SceneDelegate.swift; sourceTree = "<group>"; };
		18D56F012B69234400B19F24 /* ViewController.swift */ = {isa = PBXFileReference; lastKnownFileType = sourcecode.swift; path = ViewController.swift; sourceTree = "<group>"; };
		18D56F062B69234600B19F24 /* Assets.xcassets */ = {isa = PBXFileReference; lastKnownFileType = folder.assetcatalog; path = Assets.xcassets; sourceTree = "<group>"; };
		18D56F092B69234600B19F24 /* Base */ = {isa = PBXFileReference; lastKnownFileType = file.storyboard; name = Base; path = Base.lproj/LaunchScreen.storyboard; sourceTree = "<group>"; };
		18D56F0B2B69234600B19F24 /* Info.plist */ = {isa = PBXFileReference; lastKnownFileType = text.plist.xml; path = Info.plist; sourceTree = "<group>"; };
/* End PBXFileReference section */

/* Begin PBXFrameworksBuildPhase section */
		18D56EF72B69234400B19F24 /* Frameworks */ = {
			isa = PBXFrameworksBuildPhase;
			buildActionMask = 2147483647;
			files = (
				18B62F8B2B6BBCB600DE67B0 /* SnapKit in Frameworks */,
			);
			runOnlyForDeploymentPostprocessing = 0;
		};
/* End PBXFrameworksBuildPhase section */

/* Begin PBXGroup section */
		18C84A1A2B75026800143095 /* Entity */ = {
			isa = PBXGroup;
			children = (
				18C84A1B2B75027500143095 /* Subvey.swift */,
				18C84A1D2B75028E00143095 /* Answer.swift */,
			);
			path = Entity;
			sourceTree = "<group>";
		};
		18C84A1F2B7502B600143095 /* Page */ = {
			isa = PBXGroup;
			children = (
				18C84A232B75032400143095 /* Main */,
				18C84A202B7502D700143095 /* Question */,
			);
			path = Page;
			sourceTree = "<group>";
		};
		18C84A202B7502D700143095 /* Question */ = {
			isa = PBXGroup;
			children = (
				18C84A222B7502FC00143095 /* View */,
				18C84A212B7502F200143095 /* ViewModel */,
				18B94DAA2B6CBA3A00EEDCF6 /* QuestionViewController.swift */,
			);
			path = Question;
			sourceTree = "<group>";
		};
		18C84A212B7502F200143095 /* ViewModel */ = {
			isa = PBXGroup;
			children = (
				18C84A162B74C56E00143095 /* QuestionViewModel.swift */,
			);
			path = ViewModel;
			sourceTree = "<group>";
		};
		18C84A222B7502FC00143095 /* View */ = {
			isa = PBXGroup;
			children = (
				18D327F42B721EAA0095823E /* QuestionView.swift */,
				18C84A182B74F27900143095 /* NumberFormView.swift */,
				18B7939D2B736E2B00BBD62C /* TextFormView.swift */,
				18B793A72B73A07A00BBD62C /* RadioFormView.swift */,
				18B7939F2B737EA500BBD62C /* RadioWithInputFormView.swift */,
				18B793A32B73828D00BBD62C /* RadioView.swift */,
				18B793A52B739B0400BBD62C /* RadioWithInputView.swift */,
				18B9F91C2B76B7EB00D67073 /* FormCheckable.swift */,
				18B9F91E2B76C84500D67073 /* RadioNumberFomrView.swift */,
				18B9F9202B76D5B700D67073 /* SubmitSubveyFormView.swift */,
			);
			path = View;
			sourceTree = "<group>";
		};
		18C84A232B75032400143095 /* Main */ = {
			isa = PBXGroup;
			children = (
				18D56F012B69234400B19F24 /* ViewController.swift */,
			);
			path = Main;
			sourceTree = "<group>";
		};
		18C84A242B75035000143095 /* Network */ = {
			isa = PBXGroup;
			children = (
				18B6EB5B2B6A5B6000F62458 /* APIHandler.swift */,
			);
			path = Network;
			sourceTree = "<group>";
		};
		18D56EF12B69234300B19F24 = {
			isa = PBXGroup;
			children = (
				18D56EFC2B69234400B19F24 /* Subvey_Mission */,
				18D56EFB2B69234400B19F24 /* Products */,
			);
			sourceTree = "<group>";
		};
		18D56EFB2B69234400B19F24 /* Products */ = {
			isa = PBXGroup;
			children = (
				18D56EFA2B69234400B19F24 /* Subvey_Mission.app */,
			);
			name = Products;
			sourceTree = "<group>";
		};
		18D56EFC2B69234400B19F24 /* Subvey_Mission */ = {
			isa = PBXGroup;
			children = (
				18C84A242B75035000143095 /* Network */,
				18C84A1F2B7502B600143095 /* Page */,
				18C84A1A2B75026800143095 /* Entity */,
				18D56EFD2B69234400B19F24 /* AppDelegate.swift */,
				18D56EFF2B69234400B19F24 /* SceneDelegate.swift */,
				18D56F062B69234600B19F24 /* Assets.xcassets */,
				18D56F082B69234600B19F24 /* LaunchScreen.storyboard */,
				18D56F0B2B69234600B19F24 /* Info.plist */,
				18B7939B2B73626100BBD62C /* FormRenderable.swift */,
				18B9F91A2B76B2A300D67073 /* FormManager.swift */,
			);
			path = Subvey_Mission;
			sourceTree = "<group>";
		};
/* End PBXGroup section */

/* Begin PBXNativeTarget section */
		18D56EF92B69234400B19F24 /* Subvey_Mission */ = {
			isa = PBXNativeTarget;
			buildConfigurationList = 18D56F0E2B69234600B19F24 /* Build configuration list for PBXNativeTarget "Subvey_Mission" */;
			buildPhases = (
				18D56EF62B69234400B19F24 /* Sources */,
				18D56EF72B69234400B19F24 /* Frameworks */,
				18D56EF82B69234400B19F24 /* Resources */,
			);
			buildRules = (
			);
			dependencies = (
			);
			name = Subvey_Mission;
			packageProductDependencies = (
				18B62F8A2B6BBCB600DE67B0 /* SnapKit */,
			);
			productName = Subvey_Mission;
			productReference = 18D56EFA2B69234400B19F24 /* Subvey_Mission.app */;
			productType = "com.apple.product-type.application";
		};
/* End PBXNativeTarget section */

/* Begin PBXProject section */
		18D56EF22B69234300B19F24 /* Project object */ = {
			isa = PBXProject;
			attributes = {
				BuildIndependentTargetsInParallel = 1;
				LastSwiftUpdateCheck = 1430;
				LastUpgradeCheck = 1430;
				TargetAttributes = {
					18D56EF92B69234400B19F24 = {
						CreatedOnToolsVersion = 14.3.1;
					};
				};
			};
			buildConfigurationList = 18D56EF52B69234300B19F24 /* Build configuration list for PBXProject "Subvey_Mission" */;
			compatibilityVersion = "Xcode 14.0";
			developmentRegion = en;
			hasScannedForEncodings = 0;
			knownRegions = (
				en,
				Base,
			);
			mainGroup = 18D56EF12B69234300B19F24;
			packageReferences = (
				18B62F892B6BBCB600DE67B0 /* XCRemoteSwiftPackageReference "SnapKit" */,
			);
			productRefGroup = 18D56EFB2B69234400B19F24 /* Products */;
			projectDirPath = "";
			projectRoot = "";
			targets = (
				18D56EF92B69234400B19F24 /* Subvey_Mission */,
			);
		};
/* End PBXProject section */

/* Begin PBXResourcesBuildPhase section */
		18D56EF82B69234400B19F24 /* Resources */ = {
			isa = PBXResourcesBuildPhase;
			buildActionMask = 2147483647;
			files = (
				18D56F0A2B69234600B19F24 /* LaunchScreen.storyboard in Resources */,
				18D56F072B69234600B19F24 /* Assets.xcassets in Resources */,
			);
			runOnlyForDeploymentPostprocessing = 0;
		};
/* End PBXResourcesBuildPhase section */

/* Begin PBXSourcesBuildPhase section */
		18D56EF62B69234400B19F24 /* Sources */ = {
			isa = PBXSourcesBuildPhase;
			buildActionMask = 2147483647;
			files = (
				18B793A62B739B0400BBD62C /* RadioWithInputView.swift in Sources */,
				18B9F91F2B76C84500D67073 /* RadioNumberFomrView.swift in Sources */,
				18B9F91B2B76B2A300D67073 /* FormManager.swift in Sources */,
				18B94DAB2B6CBA3A00EEDCF6 /* QuestionViewController.swift in Sources */,
				18B7939E2B736E2B00BBD62C /* TextFormView.swift in Sources */,
				18B7939C2B73626100BBD62C /* FormRenderable.swift in Sources */,
				18B9F9212B76D5B700D67073 /* SubmitSubveyFormView.swift in Sources */,
				18C84A1C2B75027500143095 /* Subvey.swift in Sources */,
				18B793A82B73A07A00BBD62C /* RadioFormView.swift in Sources */,
				18D327F52B721EAA0095823E /* QuestionView.swift in Sources */,
				18C84A1E2B75028E00143095 /* Answer.swift in Sources */,
				18D56F022B69234400B19F24 /* ViewController.swift in Sources */,
				18B793A42B73828D00BBD62C /* RadioView.swift in Sources */,
				18B6EB5C2B6A5B6000F62458 /* APIHandler.swift in Sources */,
				18B9F91D2B76B7EB00D67073 /* FormCheckable.swift in Sources */,
				18C84A192B74F27900143095 /* NumberFormView.swift in Sources */,
				18D56EFE2B69234400B19F24 /* AppDelegate.swift in Sources */,
				18C84A172B74C56E00143095 /* QuestionViewModel.swift in Sources */,
				18B793A02B737EA500BBD62C /* RadioWithInputFormView.swift in Sources */,
				18D56F002B69234400B19F24 /* SceneDelegate.swift in Sources */,
			);
			runOnlyForDeploymentPostprocessing = 0;
		};
/* End PBXSourcesBuildPhase section */

/* Begin PBXVariantGroup section */
		18D56F082B69234600B19F24 /* LaunchScreen.storyboard */ = {
			isa = PBXVariantGroup;
			children = (
				18D56F092B69234600B19F24 /* Base */,
			);
			name = LaunchScreen.storyboard;
			sourceTree = "<group>";
		};
/* End PBXVariantGroup section */

/* Begin XCBuildConfiguration section */
		18D56F0C2B69234600B19F24 /* Debug */ = {
			isa = XCBuildConfiguration;
			buildSettings = {
				ALWAYS_SEARCH_USER_PATHS = NO;
				CLANG_ANALYZER_NONNULL = YES;
				CLANG_ANALYZER_NUMBER_OBJECT_CONVERSION = YES_AGGRESSIVE;
				CLANG_CXX_LANGUAGE_STANDARD = "gnu++20";
				CLANG_ENABLE_MODULES = YES;
				CLANG_ENABLE_OBJC_ARC = YES;
				CLANG_ENABLE_OBJC_WEAK = YES;
				CLANG_WARN_BLOCK_CAPTURE_AUTORELEASING = YES;
				CLANG_WARN_BOOL_CONVERSION = YES;
				CLANG_WARN_COMMA = YES;
				CLANG_WARN_CONSTANT_CONVERSION = YES;
				CLANG_WARN_DEPRECATED_OBJC_IMPLEMENTATIONS = YES;
				CLANG_WARN_DIRECT_OBJC_ISA_USAGE = YES_ERROR;
				CLANG_WARN_DOCUMENTATION_COMMENTS = YES;
				CLANG_WARN_EMPTY_BODY = YES;
				CLANG_WARN_ENUM_CONVERSION = YES;
				CLANG_WARN_INFINITE_RECURSION = YES;
				CLANG_WARN_INT_CONVERSION = YES;
				CLANG_WARN_NON_LITERAL_NULL_CONVERSION = YES;
				CLANG_WARN_OBJC_IMPLICIT_RETAIN_SELF = YES;
				CLANG_WARN_OBJC_LITERAL_CONVERSION = YES;
				CLANG_WARN_OBJC_ROOT_CLASS = YES_ERROR;
				CLANG_WARN_QUOTED_INCLUDE_IN_FRAMEWORK_HEADER = YES;
				CLANG_WARN_RANGE_LOOP_ANALYSIS = YES;
				CLANG_WARN_STRICT_PROTOTYPES = YES;
				CLANG_WARN_SUSPICIOUS_MOVE = YES;
				CLANG_WARN_UNGUARDED_AVAILABILITY = YES_AGGRESSIVE;
				CLANG_WARN_UNREACHABLE_CODE = YES;
				CLANG_WARN__DUPLICATE_METHOD_MATCH = YES;
				COPY_PHASE_STRIP = NO;
				DEBUG_INFORMATION_FORMAT = dwarf;
				ENABLE_STRICT_OBJC_MSGSEND = YES;
				ENABLE_TESTABILITY = YES;
				GCC_C_LANGUAGE_STANDARD = gnu11;
				GCC_DYNAMIC_NO_PIC = NO;
				GCC_NO_COMMON_BLOCKS = YES;
				GCC_OPTIMIZATION_LEVEL = 0;
				GCC_PREPROCESSOR_DEFINITIONS = (
					"DEBUG=1",
					"$(inherited)",
				);
				GCC_WARN_64_TO_32_BIT_CONVERSION = YES;
				GCC_WARN_ABOUT_RETURN_TYPE = YES_ERROR;
				GCC_WARN_UNDECLARED_SELECTOR = YES;
				GCC_WARN_UNINITIALIZED_AUTOS = YES_AGGRESSIVE;
				GCC_WARN_UNUSED_FUNCTION = YES;
				GCC_WARN_UNUSED_VARIABLE = YES;
				IPHONEOS_DEPLOYMENT_TARGET = 16.4;
				MTL_ENABLE_DEBUG_INFO = INCLUDE_SOURCE;
				MTL_FAST_MATH = YES;
				ONLY_ACTIVE_ARCH = YES;
				SDKROOT = iphoneos;
				SWIFT_ACTIVE_COMPILATION_CONDITIONS = DEBUG;
				SWIFT_OPTIMIZATION_LEVEL = "-Onone";
			};
			name = Debug;
		};
		18D56F0D2B69234600B19F24 /* Release */ = {
			isa = XCBuildConfiguration;
			buildSettings = {
				ALWAYS_SEARCH_USER_PATHS = NO;
				CLANG_ANALYZER_NONNULL = YES;
				CLANG_ANALYZER_NUMBER_OBJECT_CONVERSION = YES_AGGRESSIVE;
				CLANG_CXX_LANGUAGE_STANDARD = "gnu++20";
				CLANG_ENABLE_MODULES = YES;
				CLANG_ENABLE_OBJC_ARC = YES;
				CLANG_ENABLE_OBJC_WEAK = YES;
				CLANG_WARN_BLOCK_CAPTURE_AUTORELEASING = YES;
				CLANG_WARN_BOOL_CONVERSION = YES;
				CLANG_WARN_COMMA = YES;
				CLANG_WARN_CONSTANT_CONVERSION = YES;
				CLANG_WARN_DEPRECATED_OBJC_IMPLEMENTATIONS = YES;
				CLANG_WARN_DIRECT_OBJC_ISA_USAGE = YES_ERROR;
				CLANG_WARN_DOCUMENTATION_COMMENTS = YES;
				CLANG_WARN_EMPTY_BODY = YES;
				CLANG_WARN_ENUM_CONVERSION = YES;
				CLANG_WARN_INFINITE_RECURSION = YES;
				CLANG_WARN_INT_CONVERSION = YES;
				CLANG_WARN_NON_LITERAL_NULL_CONVERSION = YES;
				CLANG_WARN_OBJC_IMPLICIT_RETAIN_SELF = YES;
				CLANG_WARN_OBJC_LITERAL_CONVERSION = YES;
				CLANG_WARN_OBJC_ROOT_CLASS = YES_ERROR;
				CLANG_WARN_QUOTED_INCLUDE_IN_FRAMEWORK_HEADER = YES;
				CLANG_WARN_RANGE_LOOP_ANALYSIS = YES;
				CLANG_WARN_STRICT_PROTOTYPES = YES;
				CLANG_WARN_SUSPICIOUS_MOVE = YES;
				CLANG_WARN_UNGUARDED_AVAILABILITY = YES_AGGRESSIVE;
				CLANG_WARN_UNREACHABLE_CODE = YES;
				CLANG_WARN__DUPLICATE_METHOD_MATCH = YES;
				COPY_PHASE_STRIP = NO;
				DEBUG_INFORMATION_FORMAT = "dwarf-with-dsym";
				ENABLE_NS_ASSERTIONS = NO;
				ENABLE_STRICT_OBJC_MSGSEND = YES;
				GCC_C_LANGUAGE_STANDARD = gnu11;
				GCC_NO_COMMON_BLOCKS = YES;
				GCC_WARN_64_TO_32_BIT_CONVERSION = YES;
				GCC_WARN_ABOUT_RETURN_TYPE = YES_ERROR;
				GCC_WARN_UNDECLARED_SELECTOR = YES;
				GCC_WARN_UNINITIALIZED_AUTOS = YES_AGGRESSIVE;
				GCC_WARN_UNUSED_FUNCTION = YES;
				GCC_WARN_UNUSED_VARIABLE = YES;
				IPHONEOS_DEPLOYMENT_TARGET = 16.4;
				MTL_ENABLE_DEBUG_INFO = NO;
				MTL_FAST_MATH = YES;
				SDKROOT = iphoneos;
				SWIFT_COMPILATION_MODE = wholemodule;
				SWIFT_OPTIMIZATION_LEVEL = "-O";
				VALIDATE_PRODUCT = YES;
			};
			name = Release;
		};
		18D56F0F2B69234600B19F24 /* Debug */ = {
			isa = XCBuildConfiguration;
			buildSettings = {
				ASSETCATALOG_COMPILER_APPICON_NAME = AppIcon;
				ASSETCATALOG_COMPILER_GLOBAL_ACCENT_COLOR_NAME = AccentColor;
				CODE_SIGN_STYLE = Automatic;
				CURRENT_PROJECT_VERSION = 1;
				GENERATE_INFOPLIST_FILE = YES;
				INFOPLIST_FILE = Subvey_Mission/Info.plist;
				INFOPLIST_KEY_UIApplicationSupportsIndirectInputEvents = YES;
				INFOPLIST_KEY_UILaunchStoryboardName = LaunchScreen;
				INFOPLIST_KEY_UISupportedInterfaceOrientations_iPad = "UIInterfaceOrientationPortrait UIInterfaceOrientationPortraitUpsideDown UIInterfaceOrientationLandscapeLeft UIInterfaceOrientationLandscapeRight";
				INFOPLIST_KEY_UISupportedInterfaceOrientations_iPhone = "UIInterfaceOrientationPortrait UIInterfaceOrientationLandscapeLeft UIInterfaceOrientationLandscapeRight";
				LD_RUNPATH_SEARCH_PATHS = (
					"$(inherited)",
					"@executable_path/Frameworks",
				);
				MARKETING_VERSION = 1.0;
				PRODUCT_BUNDLE_IDENTIFIER = "KD.Subvey-Mission";
				PRODUCT_NAME = "$(TARGET_NAME)";
				SWIFT_EMIT_LOC_STRINGS = YES;
				SWIFT_VERSION = 5.0;
				TARGETED_DEVICE_FAMILY = "1,2";
			};
			name = Debug;
		};
		18D56F102B69234600B19F24 /* Release */ = {
			isa = XCBuildConfiguration;
			buildSettings = {
				ASSETCATALOG_COMPILER_APPICON_NAME = AppIcon;
				ASSETCATALOG_COMPILER_GLOBAL_ACCENT_COLOR_NAME = AccentColor;
				CODE_SIGN_STYLE = Automatic;
				CURRENT_PROJECT_VERSION = 1;
				GENERATE_INFOPLIST_FILE = YES;
				INFOPLIST_FILE = Subvey_Mission/Info.plist;
				INFOPLIST_KEY_UIApplicationSupportsIndirectInputEvents = YES;
				INFOPLIST_KEY_UILaunchStoryboardName = LaunchScreen;
				INFOPLIST_KEY_UISupportedInterfaceOrientations_iPad = "UIInterfaceOrientationPortrait UIInterfaceOrientationPortraitUpsideDown UIInterfaceOrientationLandscapeLeft UIInterfaceOrientationLandscapeRight";
				INFOPLIST_KEY_UISupportedInterfaceOrientations_iPhone = "UIInterfaceOrientationPortrait UIInterfaceOrientationLandscapeLeft UIInterfaceOrientationLandscapeRight";
				LD_RUNPATH_SEARCH_PATHS = (
					"$(inherited)",
					"@executable_path/Frameworks",
				);
				MARKETING_VERSION = 1.0;
				PRODUCT_BUNDLE_IDENTIFIER = "KD.Subvey-Mission";
				PRODUCT_NAME = "$(TARGET_NAME)";
				SWIFT_EMIT_LOC_STRINGS = YES;
				SWIFT_VERSION = 5.0;
				TARGETED_DEVICE_FAMILY = "1,2";
			};
			name = Release;
		};
/* End XCBuildConfiguration section */

/* Begin XCConfigurationList section */
		18D56EF52B69234300B19F24 /* Build configuration list for PBXProject "Subvey_Mission" */ = {
			isa = XCConfigurationList;
			buildConfigurations = (
				18D56F0C2B69234600B19F24 /* Debug */,
				18D56F0D2B69234600B19F24 /* Release */,
			);
			defaultConfigurationIsVisible = 0;
			defaultConfigurationName = Release;
		};
		18D56F0E2B69234600B19F24 /* Build configuration list for PBXNativeTarget "Subvey_Mission" */ = {
			isa = XCConfigurationList;
			buildConfigurations = (
				18D56F0F2B69234600B19F24 /* Debug */,
				18D56F102B69234600B19F24 /* Release */,
			);
			defaultConfigurationIsVisible = 0;
			defaultConfigurationName = Release;
		};
/* End XCConfigurationList section */

/* Begin XCRemoteSwiftPackageReference section */
		18B62F892B6BBCB600DE67B0 /* XCRemoteSwiftPackageReference "SnapKit" */ = {
			isa = XCRemoteSwiftPackageReference;
			repositoryURL = "https://github.com/SnapKit/SnapKit.git";
			requirement = {
				kind = upToNextMajorVersion;
				minimumVersion = 5.0.0;
			};
		};
/* End XCRemoteSwiftPackageReference section */

/* Begin XCSwiftPackageProductDependency section */
		18B62F8A2B6BBCB600DE67B0 /* SnapKit */ = {
			isa = XCSwiftPackageProductDependency;
			package = 18B62F892B6BBCB600DE67B0 /* XCRemoteSwiftPackageReference "SnapKit" */;
			productName = SnapKit;
		};
/* End XCSwiftPackageProductDependency section */
	};
	rootObject = 18D56EF22B69234300B19F24 /* Project object */;
}
